
Microsoft Visual Studio Solution File, Format Version 12.00
# Visual Studio Version 17
VisualStudioVersion = 17.14.36202.13 d17.14
MinimumVisualStudioVersion = 10.0.40219.1
Project("{FAE04EC0-301F-11D3-BF4B-00C04F79EFBC}") = "ProjetDemineur5TTI", "ProjetDemineur5TTI.csproj", "{AFEBB607-27D3-4493-920B-60DA28D30FAD}"
EndProject
Global
	GlobalSection(SolutionConfigurationPlatforms) = preSolution
		Debug|Any CPU = Debug|Any CPU
		Release|Any CPU = Release|Any CPU
	EndGlobalSection
	GlobalSection(ProjectConfigurationPlatforms) = postSolution
		{AFEBB607-27D3-4493-920B-60DA28D30FAD}.Debug|Any CPU.ActiveCfg = Debug|Any CPU
		{AFEBB607-27D3-4493-920B-60DA28D30FAD}.Debug|Any CPU.Build.0 = Debug|Any CPU
		{AFEBB607-27D3-4493-920B-60DA28D30FAD}.Release|Any CPU.ActiveCfg = Release|Any CPU
		{AFEBB607-27D3-4493-920B-60DA28D30FAD}.Release|Any CPU.Build.0 = Release|Any CPU
	EndGlobalSection
	GlobalSection(SolutionProperties) = preSolution
		HideSolutionNode = FALSE
	EndGlobalSection
	GlobalSection(ExtensibilityGlobals) = postSolution
		SolutionGuid = {62B78BA0-B4A5-4E90-92C3-D69AF65CF073}
	EndGlobalSection
EndGlobal
